
Microsoft Visual Studio Solution File, Format Version 12.00
# Visual Studio Version 17
VisualStudioVersion = 17.13.35825.156 d17.13
MinimumVisualStudioVersion = 10.0.40219.1
Project("{FAE04EC0-301F-11D3-BF4B-00C04F79EFBC}") = "EasyBoard", "EasyBoard\EasyBoard.csproj", "{8AF74FF0-2A4B-421A-9860-25E0B810557E}"
EndProject
Global
	GlobalSection(SolutionConfigurationPlatforms) = preSolution
		Debug|Any CPU = Debug|Any CPU
		Release|Any CPU = Release|Any CPU
	EndGlobalSection
	GlobalSection(ProjectConfigurationPlatforms) = postSolution
		{8AF74FF0-2A4B-421A-9860-25E0B810557E}.Debug|Any CPU.ActiveCfg = Debug|Any CPU
		{8AF74FF0-2A4B-421A-9860-25E0B810557E}.Debug|Any CPU.Build.0 = Debug|Any CPU
		{8AF74FF0-2A4B-421A-9860-25E0B810557E}.Release|Any CPU.ActiveCfg = Release|Any CPU
		{8AF74FF0-2A4B-421A-9860-25E0B810557E}.Release|Any CPU.Build.0 = Release|Any CPU
	EndGlobalSection
	GlobalSection(SolutionProperties) = preSolution
		HideSolutionNode = FALSE
	EndGlobalSection
	GlobalSection(ExtensibilityGlobals) = postSolution
		SolutionGuid = {306EB962-A3C3-427B-B36E-4B07FC5BCCCB}
	EndGlobalSection
EndGlobal
